
Microsoft Visual Studio Solution File, Format Version 12.00
# Visual Studio Version 16
VisualStudioVersion = 16.0.30717.126
MinimumVisualStudioVersion = 10.0.40219.1
Project("{9A19103F-16F7-4668-BE54-9A1E7A4F7556}") = "Persistence.DataBase", "Persistence.DataBase\Persistence.DataBase.csproj", "{FF91C637-AD3E-4422-A2B6-BF68968A2E8B}"
EndProject
Project("{9A19103F-16F7-4668-BE54-9A1E7A4F7556}") = "Service", "Service\Service.csproj", "{DFD2782C-4103-4AED-87D9-34A9B7CF53B6}"
EndProject
Project("{FAE04EC0-301F-11D3-BF4B-00C04F79EFBC}") = "ClaseNet", "ClaseNet\ClaseNet.csproj", "{BB00393A-012B-47A7-B892-8B85BCDE0A60}"
EndProject
Global
	GlobalSection(SolutionConfigurationPlatforms) = preSolution
		Debug|Any CPU = Debug|Any CPU
		Release|Any CPU = Release|Any CPU
	EndGlobalSection
	GlobalSection(ProjectConfigurationPlatforms) = postSolution
		{FF91C637-AD3E-4422-A2B6-BF68968A2E8B}.Debug|Any CPU.ActiveCfg = Debug|Any CPU
		{FF91C637-AD3E-4422-A2B6-BF68968A2E8B}.Debug|Any CPU.Build.0 = Debug|Any CPU
		{FF91C637-AD3E-4422-A2B6-BF68968A2E8B}.Release|Any CPU.ActiveCfg = Release|Any CPU
		{FF91C637-AD3E-4422-A2B6-BF68968A2E8B}.Release|Any CPU.Build.0 = Release|Any CPU
		{DFD2782C-4103-4AED-87D9-34A9B7CF53B6}.Debug|Any CPU.ActiveCfg = Debug|Any CPU
		{DFD2782C-4103-4AED-87D9-34A9B7CF53B6}.Debug|Any CPU.Build.0 = Debug|Any CPU
		{DFD2782C-4103-4AED-87D9-34A9B7CF53B6}.Release|Any CPU.ActiveCfg = Release|Any CPU
		{DFD2782C-4103-4AED-87D9-34A9B7CF53B6}.Release|Any CPU.Build.0 = Release|Any CPU
		{BB00393A-012B-47A7-B892-8B85BCDE0A60}.Debug|Any CPU.ActiveCfg = Debug|Any CPU
		{BB00393A-012B-47A7-B892-8B85BCDE0A60}.Debug|Any CPU.Build.0 = Debug|Any CPU
		{BB00393A-012B-47A7-B892-8B85BCDE0A60}.Release|Any CPU.ActiveCfg = Release|Any CPU
		{BB00393A-012B-47A7-B892-8B85BCDE0A60}.Release|Any CPU.Build.0 = Release|Any CPU
	EndGlobalSection
	GlobalSection(SolutionProperties) = preSolution
		HideSolutionNode = FALSE
	EndGlobalSection
	GlobalSection(ExtensibilityGlobals) = postSolution
		SolutionGuid = {4FAB1543-CDB0-4828-AF94-AB032E6EC4ED}
	EndGlobalSection
EndGlobal
